version = 1
revision = 3
requires-python = ">=3.11"

[[package]]
name = "fafnir-store"
version = "0.1.0"
source = { editable = "." }
dependencies = [
    { name = "pathspec" },
    { name = "pyrage" },
]

[package.metadata]
requires-dist = [
    { name = "pathspec", specifier = ">=0.12" },
    { name = "pyrage", specifier = ">=1.3" },
]

[[package]]
name = "pathspec"
version = "1.1.1"
source = { registry = "https://pypi.org/simple" }
sdist = { url = "https://files.pythonhosted.org/packages/5a/82/42f767fc1c1143d6fd36efb827202a2d997a375e160a71eb2888a925aac1/pathspec-1.1.1.tar.gz", hash = "sha256:17db5ecd524104a120e173814c90367a96a98d07c45b2e10c2f3919fff91bf5a", size = 135180, upload-time = "2026-04-27T01:46:08.907Z" }
wheels = [
    { url = "https://files.pythonhosted.org/packages/f1/d9/7fb5aa316bc299258e68c73ba3bddbc499654a07f151cba08f6153988714/pathspec-1.1.1-py3-none-any.whl", hash = "sha256:a00ce642f577bf7f473932318056212bc4f8bfdf53128c78bbd5af0b9b20b189", size = 57328, upload-time = "2026-04-27T01:46:07.06Z" },
]

[[package]]
name = "pyrage"
version = "1.3.0"
source = { registry = "https://pypi.org/simple" }
sdist = { url = "https://files.pythonhosted.org/packages/ee/e8/918161376594d69b294e920bd6444f1d9997e6e6dd2aca18e15f1ef72463/pyrage-1.3.0.tar.gz", hash = "sha256:b283a2e3d688cbf68c707f57d93fdab3304ff57c7e2e6b710c0b4bc9096ad9da", size = 30120, upload-time = "2025-06-14T01:28:04.108Z" }
wheels = [
    { url = "https://files.pythonhosted.org/packages/f7/6e/3095678ee12f0401e1de17f4d6993783b20a4b807daf69e23b170724e5f4/pyrage-1.3.0-cp39-abi3-macosx_10_12_x86_64.macosx_11_0_arm64.macosx_10_12_universal2.whl", hash = "sha256:907901ada8d63d674cc9005889150846c7349ef587ee8bf5e9278b79c54b4679", size = 1563258, upload-time = "2025-06-14T01:27:57.886Z" },
    { url = "https://files.pythonhosted.org/packages/3b/e7/f515fbc972a5d83e9fa82d1c23a16f733f4dd6c2c6ae33d9054ca04a8d92/pyrage-1.3.0-cp39-abi3-manylinux_2_17_aarch64.manylinux2014_aarch64.whl", hash = "sha256:ea452cb9c9c47083a96b309467dea5614d12530e1de4b6585f10aa04d3d19d1c", size = 785930, upload-time = "2025-06-14T01:27:59.755Z" },
    { url = "https://files.pythonhosted.org/packages/38/f3/e91bf604fd40c42c60e8f95075cddb0b85d0bdf452f736b533b1bad550e0/pyrage-1.3.0-cp39-abi3-manylinux_2_17_x86_64.manylinux2014_x86_64.whl", hash = "sha256:ab066b22925c5a0ec5fead2e21e4586b21d5da730055c7e46caa978bd99de936", size = 847692, upload-time = "2025-06-14T01:28:01.042Z" },
    { url = "https://files.pythonhosted.org/packages/88/59/15fd1945b02e6f93eff5a2ff352e67f85f51bf543769484f9bd960868c19/pyrage-1.3.0-cp39-abi3-win_amd64.whl", hash = "sha256:3be314a9746809c2710bfd144a6acf0c54a40f43e306857b9778a9d871ad97b3", size = 767566, upload-time = "2025-06-14T01:28:02.597Z" },
]
